
Microsoft Visual Studio Solution File, Format Version 12.00
# Visual Studio Version 16
VisualStudioVersion = 16.0.29911.84
MinimumVisualStudioVersion = 10.0.40219.1
Project("{FAE04EC0-301F-11D3-BF4B-00C04F79EFBC}") = "lab_06", "lab_06.csproj", "{15CC56C4-FFDD-4C47-8C2A-2DC1EC798DE8}"
EndProject
Global
	GlobalSection(SolutionConfigurationPlatforms) = preSolution
		Debug|Any CPU = Debug|Any CPU
		Release|Any CPU = Release|Any CPU
	EndGlobalSection
	GlobalSection(ProjectConfigurationPlatforms) = postSolution
		{15CC56C4-FFDD-4C47-8C2A-2DC1EC798DE8}.Debug|Any CPU.ActiveCfg = Debug|Any CPU
		{15CC56C4-FFDD-4C47-8C2A-2DC1EC798DE8}.Debug|Any CPU.Build.0 = Debug|Any CPU
		{15CC56C4-FFDD-4C47-8C2A-2DC1EC798DE8}.Release|Any CPU.ActiveCfg = Release|Any CPU
		{15CC56C4-FFDD-4C47-8C2A-2DC1EC798DE8}.Release|Any CPU.Build.0 = Release|Any CPU
	EndGlobalSection
	GlobalSection(SolutionProperties) = preSolution
		HideSolutionNode = FALSE
	EndGlobalSection
	GlobalSection(ExtensibilityGlobals) = postSolution
		SolutionGuid = {21CD5B0A-D8AC-4118-B1C9-95C13F61BAAD}
	EndGlobalSection
EndGlobal
